
Microsoft Visual Studio Solution File, Format Version 12.00
# Visual Studio 15
VisualStudioVersion = 15.0.26730.16
MinimumVisualStudioVersion = 10.0.40219.1
Project("{FAE04EC0-301F-11D3-BF4B-00C04F79EFBC}") = "TokenbasedAuthenticationV1", "TokenbasedAuthenticationV1\TokenbasedAuthenticationV1.csproj", "{BFA2A35C-83CA-490A-9BFC-0FBAF8471F7A}"
EndProject
Project("{FAE04EC0-301F-11D3-BF4B-00C04F79EFBC}") = "Service", "Service\Service.csproj", "{0F531A71-3BFF-441C-9D00-BB2283802FC7}"
EndProject
Project("{FAE04EC0-301F-11D3-BF4B-00C04F79EFBC}") = "Models", "Models\Models.csproj", "{57620BD9-A445-4DF2-B9B4-57588471F854}"
EndProject
Global
	GlobalSection(SolutionConfigurationPlatforms) = preSolution
		Debug|Any CPU = Debug|Any CPU
		Release|Any CPU = Release|Any CPU
	EndGlobalSection
	GlobalSection(ProjectConfigurationPlatforms) = postSolution
		{BFA2A35C-83CA-490A-9BFC-0FBAF8471F7A}.Debug|Any CPU.ActiveCfg = Debug|Any CPU
		{BFA2A35C-83CA-490A-9BFC-0FBAF8471F7A}.Debug|Any CPU.Build.0 = Debug|Any CPU
		{BFA2A35C-83CA-490A-9BFC-0FBAF8471F7A}.Release|Any CPU.ActiveCfg = Release|Any CPU
		{BFA2A35C-83CA-490A-9BFC-0FBAF8471F7A}.Release|Any CPU.Build.0 = Release|Any CPU
		{0F531A71-3BFF-441C-9D00-BB2283802FC7}.Debug|Any CPU.ActiveCfg = Debug|Any CPU
		{0F531A71-3BFF-441C-9D00-BB2283802FC7}.Debug|Any CPU.Build.0 = Debug|Any CPU
		{0F531A71-3BFF-441C-9D00-BB2283802FC7}.Release|Any CPU.ActiveCfg = Release|Any CPU
		{0F531A71-3BFF-441C-9D00-BB2283802FC7}.Release|Any CPU.Build.0 = Release|Any CPU
		{57620BD9-A445-4DF2-B9B4-57588471F854}.Debug|Any CPU.ActiveCfg = Debug|Any CPU
		{57620BD9-A445-4DF2-B9B4-57588471F854}.Debug|Any CPU.Build.0 = Debug|Any CPU
		{57620BD9-A445-4DF2-B9B4-57588471F854}.Release|Any CPU.ActiveCfg = Release|Any CPU
		{57620BD9-A445-4DF2-B9B4-57588471F854}.Release|Any CPU.Build.0 = Release|Any CPU
	EndGlobalSection
	GlobalSection(SolutionProperties) = preSolution
		HideSolutionNode = FALSE
	EndGlobalSection
	GlobalSection(ExtensibilityGlobals) = postSolution
		SolutionGuid = {8E8E0ADF-6160-4C83-9561-558C448F19AD}
	EndGlobalSection
EndGlobal
